// !$*UTF8*$!
{
	archiveVersion = 1;
	classes = {
	};
	objectVersion = 77;
	objects = {

/* Begin PBXBuildFile section */
		6DEADC292E1F365E00CAF395 /* FirebaseAnalytics in Frameworks */ = {isa = PBXBuildFile; productRef = 6DEADC282E1F365E00CAF395 /* FirebaseAnalytics */; };
		6DEADC2B2E1F365E00CAF395 /* FirebaseAuth in Frameworks */ = {isa = PBXBuildFile; productRef = 6DEADC2A2E1F365E00CAF395 /* FirebaseAuth */; };
		6DEADC2D2E1F365E00CAF395 /* FirebaseFirestore in Frameworks */ = {isa = PBXBuildFile; productRef = 6DEADC2C2E1F365E00CAF395 /* FirebaseFirestore */; };
		6DEADC2F2E1F365E00CAF395 /* FirebaseStorage in Frameworks */ = {isa = PBXBuildFile; productRef = 6DEADC2E2E1F365E00CAF395 /* FirebaseStorage */; };
/* End PBXBuildFile section */

/* Begin PBXContainerItemProxy section */
		6DEADBFB2E1F312500CAF395 /* PBXContainerItemProxy */ = {
			isa = PBXContainerItemProxy;
			containerPortal = 6DEADBE52E1F312300CAF395 /* Project object */;
			proxyType = 1;
			remoteGlobalIDString = 6DEADBEC2E1F312300CAF395;
			remoteInfo = GutCheck;
		};
		6DEADC052E1F312500CAF395 /* PBXContainerItemProxy */ = {
			isa = PBXContainerItemProxy;
			containerPortal = 6DEADBE52E1F312300CAF395 /* Project object */;
			proxyType = 1;
			remoteGlobalIDString = 6DEADBEC2E1F312300CAF395;
			remoteInfo = GutCheck;
		};
/* End PBXContainerItemProxy section */

/* Begin PBXFileReference section */
		6DEADBED2E1F312300CAF395 /* GutCheck.app */ = {isa = PBXFileReference; explicitFileType = wrapper.application; includeInIndex = 0; path = GutCheck.app; sourceTree = BUILT_PRODUCTS_DIR; };
		6DEADBFA2E1F312500CAF395 /* GutCheckTests.xctest */ = {isa = PBXFileReference; explicitFileType = wrapper.cfbundle; includeInIndex = 0; path = GutCheckTests.xctest; sourceTree = BUILT_PRODUCTS_DIR; };
		6DEADC042E1F312500CAF395 /* GutCheckUITests.xctest */ = {isa = PBXFileReference; explicitFileType = wrapper.cfbundle; includeInIndex = 0; path = GutCheckUITests.xctest; sourceTree = BUILT_PRODUCTS_DIR; };
/* End PBXFileReference section */

/* Begin PBXFileSystemSynchronizedBuildFileExceptionSet section */
		6DF476202E22EBD600E72131 /* Exceptions for "GutCheck" folder in "GutCheck" target */ = {
			isa = PBXFileSystemSynchronizedBuildFileExceptionSet;
			membershipExceptions = (
				Info.plist,
			);
			target = 6DEADBEC2E1F312300CAF395 /* GutCheck */;
		};
/* End PBXFileSystemSynchronizedBuildFileExceptionSet section */

/* Begin PBXFileSystemSynchronizedRootGroup section */
		6DEADBEF2E1F312300CAF395 /* GutCheck */ = {
			isa = PBXFileSystemSynchronizedRootGroup;
			exceptions = (
				6DF476202E22EBD600E72131 /* Exceptions for "GutCheck" folder in "GutCheck" target */,
			);
			path = GutCheck;
			sourceTree = "<group>";
		};
		6DEADBFD2E1F312500CAF395 /* GutCheckTests */ = {
			isa = PBXFileSystemSynchronizedRootGroup;
			path = GutCheckTests;
			sourceTree = "<group>";
		};
		6DEADC072E1F312500CAF395 /* GutCheckUITests */ = {
			isa = PBXFileSystemSynchronizedRootGroup;
			path = GutCheckUITests;
			sourceTree = "<group>";
		};
/* End PBXFileSystemSynchronizedRootGroup section */

/* Begin PBXFrameworksBuildPhase section */
		6DEADBEA2E1F312300CAF395 /* Frameworks */ = {
			isa = PBXFrameworksBuildPhase;
			buildActionMask = 2147483647;
			files = (
				6DEADC292E1F365E00CAF395 /* FirebaseAnalytics in Frameworks */,
				6DEADC2F2E1F365E00CAF395 /* FirebaseStorage in Frameworks */,
				6DEADC2B2E1F365E00CAF395 /* FirebaseAuth in Frameworks */,
				6DEADC2D2E1F365E00CAF395 /* FirebaseFirestore in Frameworks */,
			);
			runOnlyForDeploymentPostprocessing = 0;
		};
		6DEADBF72E1F312500CAF395 /* Frameworks */ = {
			isa = PBXFrameworksBuildPhase;
			buildActionMask = 2147483647;
			files = (
			);
			runOnlyForDeploymentPostprocessing = 0;
		};
		6DEADC012E1F312500CAF395 /* Frameworks */ = {
			isa = PBXFrameworksBuildPhase;
			buildActionMask = 2147483647;
			files = (
			);
			runOnlyForDeploymentPostprocessing = 0;
		};
/* End PBXFrameworksBuildPhase section */

/* Begin PBXGroup section */
		6DEADBE42E1F312300CAF395 = {
			isa = PBXGroup;
			children = (
				6DEADBEF2E1F312300CAF395 /* GutCheck */,
				6DEADBFD2E1F312500CAF395 /* GutCheckTests */,
				6DEADC072E1F312500CAF395 /* GutCheckUITests */,
				6DEADBEE2E1F312300CAF395 /* Products */,
			);
			sourceTree = "<group>";
		};
		6DEADBEE2E1F312300CAF395 /* Products */ = {
			isa = PBXGroup;
			children = (
				6DEADBED2E1F312300CAF395 /* GutCheck.app */,
				6DEADBFA2E1F312500CAF395 /* GutCheckTests.xctest */,
				6DEADC042E1F312500CAF395 /* GutCheckUITests.xctest */,
			);
			name = Products;
			sourceTree = "<group>";
		};
/* End PBXGroup section */

/* Begin PBXNativeTarget section */
		6DEADBEC2E1F312300CAF395 /* GutCheck */ = {
			isa = PBXNativeTarget;
			buildConfigurationList = 6DEADC0E2E1F312500CAF395 /* Build configuration list for PBXNativeTarget "GutCheck" */;
			buildPhases = (
				6DEADBE92E1F312300CAF395 /* Sources */,
				6DEADBEA2E1F312300CAF395 /* Frameworks */,
				6DEADBEB2E1F312300CAF395 /* Resources */,
			);
			buildRules = (
			);
			dependencies = (
			);
			fileSystemSynchronizedGroups = (
				6DEADBEF2E1F312300CAF395 /* GutCheck */,
			);
			name = GutCheck;
			packageProductDependencies = (
				6DEADC282E1F365E00CAF395 /* FirebaseAnalytics */,
				6DEADC2A2E1F365E00CAF395 /* FirebaseAuth */,
				6DEADC2C2E1F365E00CAF395 /* FirebaseFirestore */,
				6DEADC2E2E1F365E00CAF395 /* FirebaseStorage */,
			);
			productName = GutCheck;
			productReference = 6DEADBED2E1F312300CAF395 /* GutCheck.app */;
			productType = "com.apple.product-type.application";
		};
		6DEADBF92E1F312500CAF395 /* GutCheckTests */ = {
			isa = PBXNativeTarget;
			buildConfigurationList = 6DEADC112E1F312500CAF395 /* Build configuration list for PBXNativeTarget "GutCheckTests" */;
			buildPhases = (
				6DEADBF62E1F312500CAF395 /* Sources */,
				6DEADBF72E1F312500CAF395 /* Frameworks */,
				6DEADBF82E1F312500CAF395 /* Resources */,
			);
			buildRules = (
			);
			dependencies = (
				6DEADBFC2E1F312500CAF395 /* PBXTargetDependency */,
			);
			fileSystemSynchronizedGroups = (
				6DEADBFD2E1F312500CAF395 /* GutCheckTests */,
			);
			name = GutCheckTests;
			packageProductDependencies = (
			);
			productName = GutCheckTests;
			productReference = 6DEADBFA2E1F312500CAF395 /* GutCheckTests.xctest */;
			productType = "com.apple.product-type.bundle.unit-test";
		};
		6DEADC032E1F312500CAF395 /* GutCheckUITests */ = {
			isa = PBXNativeTarget;
			buildConfigurationList = 6DEADC142E1F312500CAF395 /* Build configuration list for PBXNativeTarget "GutCheckUITests" */;
			buildPhases = (
				6DEADC002E1F312500CAF395 /* Sources */,
				6DEADC012E1F312500CAF395 /* Frameworks */,
				6DEADC022E1F312500CAF395 /* Resources */,
			);
			buildRules = (
			);
			dependencies = (
				6DEADC062E1F312500CAF395 /* PBXTargetDependency */,
			);
			fileSystemSynchronizedGroups = (
				6DEADC072E1F312500CAF395 /* GutCheckUITests */,
			);
			name = GutCheckUITests;
			packageProductDependencies = (
			);
			productName = GutCheckUITests;
			productReference = 6DEADC042E1F312500CAF395 /* GutCheckUITests.xctest */;
			productType = "com.apple.product-type.bundle.ui-testing";
		};
/* End PBXNativeTarget section */

/* Begin PBXProject section */
		6DEADBE52E1F312300CAF395 /* Project object */ = {
			isa = PBXProject;
			attributes = {
				BuildIndependentTargetsInParallel = 1;
				LastSwiftUpdateCheck = 1640;
				LastUpgradeCheck = 1640;
				TargetAttributes = {
					6DEADBEC2E1F312300CAF395 = {
						CreatedOnToolsVersion = 16.4;
					};
					6DEADBF92E1F312500CAF395 = {
						CreatedOnToolsVersion = 16.4;
						TestTargetID = 6DEADBEC2E1F312300CAF395;
					};
					6DEADC032E1F312500CAF395 = {
						CreatedOnToolsVersion = 16.4;
						TestTargetID = 6DEADBEC2E1F312300CAF395;
					};
				};
			};
			buildConfigurationList = 6DEADBE82E1F312300CAF395 /* Build configuration list for PBXProject "GutCheck" */;
			developmentRegion = en;
			hasScannedForEncodings = 0;
			knownRegions = (
				en,
				Base,
			);
			mainGroup = 6DEADBE42E1F312300CAF395;
			minimizedProjectReferenceProxies = 1;
			packageReferences = (
				6DEADC272E1F365E00CAF395 /* XCRemoteSwiftPackageReference "firebase-ios-sdk" */,
			);
			preferredProjectObjectVersion = 77;
			productRefGroup = 6DEADBEE2E1F312300CAF395 /* Products */;
			projectDirPath = "";
			projectRoot = "";
			targets = (
				6DEADBEC2E1F312300CAF395 /* GutCheck */,
				6DEADBF92E1F312500CAF395 /* GutCheckTests */,
				6DEADC032E1F312500CAF395 /* GutCheckUITests */,
			);
		};
/* End PBXProject section */

/* Begin PBXResourcesBuildPhase section */
		6DEADBEB2E1F312300CAF395 /* Resources */ = {
			isa = PBXResourcesBuildPhase;
			buildActionMask = 2147483647;
			files = (
			);
			runOnlyForDeploymentPostprocessing = 0;
		};
		6DEADBF82E1F312500CAF395 /* Resources */ = {
			isa = PBXResourcesBuildPhase;
			buildActionMask = 2147483647;
			files = (
			);
			runOnlyForDeploymentPostprocessing = 0;
		};
		6DEADC022E1F312500CAF395 /* Resources */ = {
			isa = PBXResourcesBuildPhase;
			buildActionMask = 2147483647;
			files = (
			);
			runOnlyForDeploymentPostprocessing = 0;
		};
/* End PBXResourcesBuildPhase section */

/* Begin PBXSourcesBuildPhase section */
		6DEADBE92E1F312300CAF395 /* Sources */ = {
			isa = PBXSourcesBuildPhase;
			buildActionMask = 2147483647;
			files = (
			);
			runOnlyForDeploymentPostprocessing = 0;
		};
		6DEADBF62E1F312500CAF395 /* Sources */ = {
			isa = PBXSourcesBuildPhase;
			buildActionMask = 2147483647;
			files = (
			);
			runOnlyForDeploymentPostprocessing = 0;
		};
		6DEADC002E1F312500CAF395 /* Sources */ = {
			isa = PBXSourcesBuildPhase;
			buildActionMask = 2147483647;
			files = (
			);
			runOnlyForDeploymentPostprocessing = 0;
		};
/* End PBXSourcesBuildPhase section */

/* Begin PBXTargetDependency section */
		6DEADBFC2E1F312500CAF395 /* PBXTargetDependency */ = {
			isa = PBXTargetDependency;
			target = 6DEADBEC2E1F312300CAF395 /* GutCheck */;
			targetProxy = 6DEADBFB2E1F312500CAF395 /* PBXContainerItemProxy */;
		};
		6DEADC062E1F312500CAF395 /* PBXTargetDependency */ = {
			isa = PBXTargetDependency;
			target = 6DEADBEC2E1F312300CAF395 /* GutCheck */;
			targetProxy = 6DEADC052E1F312500CAF395 /* PBXContainerItemProxy */;
		};
/* End PBXTargetDependency section */

/* Begin XCBuildConfiguration section */
		6DEADC0C2E1F312500CAF395 /* Debug */ = {
			isa = XCBuildConfiguration;
			buildSettings = {
				ALWAYS_SEARCH_USER_PATHS = NO;
				ASSETCATALOG_COMPILER_GENERATE_SWIFT_ASSET_SYMBOL_EXTENSIONS = YES;
				CLANG_ANALYZER_NONNULL = YES;
				CLANG_ANALYZER_NUMBER_OBJECT_CONVERSION = YES_AGGRESSIVE;
				CLANG_CXX_LANGUAGE_STANDARD = "gnu++20";
				CLANG_ENABLE_MODULES = YES;
				CLANG_ENABLE_OBJC_ARC = YES;
				CLANG_ENABLE_OBJC_WEAK = YES;
				CLANG_WARN_BLOCK_CAPTURE_AUTORELEASING = YES;
				CLANG_WARN_BOOL_CONVERSION = YES;
				CLANG_WARN_COMMA = YES;
				CLANG_WARN_CONSTANT_CONVERSION = YES;
				CLANG_WARN_DEPRECATED_OBJC_IMPLEMENTATIONS = YES;
				CLANG_WARN_DIRECT_OBJC_ISA_USAGE = YES_ERROR;
				CLANG_WARN_DOCUMENTATION_COMMENTS = YES;
				CLANG_WARN_EMPTY_BODY = YES;
				CLANG_WARN_ENUM_CONVERSION = YES;
				CLANG_WARN_INFINITE_RECURSION = YES;
				CLANG_WARN_INT_CONVERSION = YES;
				CLANG_WARN_NON_LITERAL_NULL_CONVERSION = YES;
				CLANG_WARN_OBJC_IMPLICIT_RETAIN_SELF = YES;
				CLANG_WARN_OBJC_LITERAL_CONVERSION = YES;
				CLANG_WARN_OBJC_ROOT_CLASS = YES_ERROR;
				CLANG_WARN_QUOTED_INCLUDE_IN_FRAMEWORK_HEADER = YES;
				CLANG_WARN_RANGE_LOOP_ANALYSIS = YES;
				CLANG_WARN_STRICT_PROTOTYPES = YES;
				CLANG_WARN_SUSPICIOUS_MOVE = YES;
				CLANG_WARN_UNGUARDED_AVAILABILITY = YES_AGGRESSIVE;
				CLANG_WARN_UNREACHABLE_CODE = YES;
				CLANG_WARN__DUPLICATE_METHOD_MATCH = YES;
				COPY_PHASE_STRIP = NO;
				DEBUG_INFORMATION_FORMAT = dwarf;
				DEVELOPMENT_TEAM = YDBLTKHK3M;
				ENABLE_STRICT_OBJC_MSGSEND = YES;
				ENABLE_TESTABILITY = YES;
				ENABLE_USER_SCRIPT_SANDBOXING = YES;
				GCC_C_LANGUAGE_STANDARD = gnu17;
				GCC_DYNAMIC_NO_PIC = NO;
				GCC_NO_COMMON_BLOCKS = YES;
				GCC_OPTIMIZATION_LEVEL = 0;
				GCC_PREPROCESSOR_DEFINITIONS = (
					"DEBUG=1",
					"$(inherited)",
				);
				GCC_WARN_64_TO_32_BIT_CONVERSION = YES;
				GCC_WARN_ABOUT_RETURN_TYPE = YES_ERROR;
				GCC_WARN_UNDECLARED_SELECTOR = YES;
				GCC_WARN_UNINITIALIZED_AUTOS = YES_AGGRESSIVE;
				GCC_WARN_UNUSED_FUNCTION = YES;
				GCC_WARN_UNUSED_VARIABLE = YES;
				IPHONEOS_DEPLOYMENT_TARGET = 18.5;
				LOCALIZATION_PREFERS_STRING_CATALOGS = YES;
				MTL_ENABLE_DEBUG_INFO = INCLUDE_SOURCE;
				MTL_FAST_MATH = YES;
				ONLY_ACTIVE_ARCH = YES;
				SDKROOT = iphoneos;
				SWIFT_ACTIVE_COMPILATION_CONDITIONS = "DEBUG $(inherited)";
				SWIFT_OPTIMIZATION_LEVEL = "-Onone";
			};
			name = Debug;
		};
		6DEADC0D2E1F312500CAF395 /* Release */ = {
			isa = XCBuildConfiguration;
			buildSettings = {
				ALWAYS_SEARCH_USER_PATHS = NO;
				ASSETCATALOG_COMPILER_GENERATE_SWIFT_ASSET_SYMBOL_EXTENSIONS = YES;
				CLANG_ANALYZER_NONNULL = YES;
				CLANG_ANALYZER_NUMBER_OBJECT_CONVERSION = YES_AGGRESSIVE;
				CLANG_CXX_LANGUAGE_STANDARD = "gnu++20";
				CLANG_ENABLE_MODULES = YES;
				CLANG_ENABLE_OBJC_ARC = YES;
				CLANG_ENABLE_OBJC_WEAK = YES;
				CLANG_WARN_BLOCK_CAPTURE_AUTORELEASING = YES;
				CLANG_WARN_BOOL_CONVERSION = YES;
				CLANG_WARN_COMMA = YES;
				CLANG_WARN_CONSTANT_CONVERSION = YES;
				CLANG_WARN_DEPRECATED_OBJC_IMPLEMENTATIONS = YES;
				CLANG_WARN_DIRECT_OBJC_ISA_USAGE = YES_ERROR;
				CLANG_WARN_DOCUMENTATION_COMMENTS = YES;
				CLANG_WARN_EMPTY_BODY = YES;
				CLANG_WARN_ENUM_CONVERSION = YES;
				CLANG_WARN_INFINITE_RECURSION = YES;
				CLANG_WARN_INT_CONVERSION = YES;
				CLANG_WARN_NON_LITERAL_NULL_CONVERSION = YES;
				CLANG_WARN_OBJC_IMPLICIT_RETAIN_SELF = YES;
				CLANG_WARN_OBJC_LITERAL_CONVERSION = YES;
				CLANG_WARN_OBJC_ROOT_CLASS = YES_ERROR;
				CLANG_WARN_QUOTED_INCLUDE_IN_FRAMEWORK_HEADER = YES;
				CLANG_WARN_RANGE_LOOP_ANALYSIS = YES;
				CLANG_WARN_STRICT_PROTOTYPES = YES;
				CLANG_WARN_SUSPICIOUS_MOVE = YES;
				CLANG_WARN_UNGUARDED_AVAILABILITY = YES_AGGRESSIVE;
				CLANG_WARN_UNREACHABLE_CODE = YES;
				CLANG_WARN__DUPLICATE_METHOD_MATCH = YES;
				COPY_PHASE_STRIP = NO;
				DEBUG_INFORMATION_FORMAT = "dwarf-with-dsym";
				DEVELOPMENT_TEAM = YDBLTKHK3M;
				ENABLE_NS_ASSERTIONS = NO;
				ENABLE_STRICT_OBJC_MSGSEND = YES;
				ENABLE_USER_SCRIPT_SANDBOXING = YES;
				GCC_C_LANGUAGE_STANDARD = gnu17;
				GCC_NO_COMMON_BLOCKS = YES;
				GCC_WARN_64_TO_32_BIT_CONVERSION = YES;
				GCC_WARN_ABOUT_RETURN_TYPE = YES_ERROR;
				GCC_WARN_UNDECLARED_SELECTOR = YES;
				GCC_WARN_UNINITIALIZED_AUTOS = YES_AGGRESSIVE;
				GCC_WARN_UNUSED_FUNCTION = YES;
				GCC_WARN_UNUSED_VARIABLE = YES;
				IPHONEOS_DEPLOYMENT_TARGET = 18.5;
				LOCALIZATION_PREFERS_STRING_CATALOGS = YES;
				MTL_ENABLE_DEBUG_INFO = NO;
				MTL_FAST_MATH = YES;
				SDKROOT = iphoneos;
				SWIFT_COMPILATION_MODE = wholemodule;
				VALIDATE_PRODUCT = YES;
			};
			name = Release;
		};
		6DEADC0F2E1F312500CAF395 /* Debug */ = {
			isa = XCBuildConfiguration;
			buildSettings = {
				ASSETCATALOG_COMPILER_APPICON_NAME = AppIcon;
				ASSETCATALOG_COMPILER_GLOBAL_ACCENT_COLOR_NAME = AccentColor;
				CODE_SIGN_STYLE = Automatic;
				CURRENT_PROJECT_VERSION = 1;
				DEVELOPMENT_TEAM = YDBLTKHK3M;
				ENABLE_PREVIEWS = YES;
				GENERATE_INFOPLIST_FILE = YES;
				INFOPLIST_FILE = GutCheck/Info.plist;
				INFOPLIST_KEY_CFBundleDisplayName = GutCheck;
				INFOPLIST_KEY_LSApplicationCategoryType = "public.app-category.healthcare-fitness";
				INFOPLIST_KEY_UIApplicationSceneManifest_Generation = YES;
				INFOPLIST_KEY_UIApplicationSupportsIndirectInputEvents = YES;
				INFOPLIST_KEY_UILaunchScreen_Generation = YES;
				INFOPLIST_KEY_UISupportedInterfaceOrientations = UIInterfaceOrientationPortrait;
				INFOPLIST_KEY_UISupportedInterfaceOrientations_iPad = "UIInterfaceOrientationLandscapeLeft UIInterfaceOrientationLandscapeRight UIInterfaceOrientationPortrait UIInterfaceOrientationPortraitUpsideDown";
				LD_RUNPATH_SEARCH_PATHS = (
					"$(inherited)",
					"@executable_path/Frameworks",
				);
				MARKETING_VERSION = 1.0;
				PRODUCT_BUNDLE_IDENTIFIER = com.MarkConley.GutCheck;
				PRODUCT_NAME = "$(TARGET_NAME)";
				SWIFT_EMIT_LOC_STRINGS = YES;
				SWIFT_VERSION = 5.0;
				TARGETED_DEVICE_FAMILY = 1;
			};
			name = Debug;
		};
		6DEADC102E1F312500CAF395 /* Release */ = {
			isa = XCBuildConfiguration;
			buildSettings = {
				ASSETCATALOG_COMPILER_APPICON_NAME = AppIcon;
				ASSETCATALOG_COMPILER_GLOBAL_ACCENT_COLOR_NAME = AccentColor;
				CODE_SIGN_STYLE = Automatic;
				CURRENT_PROJECT_VERSION = 1;
				DEVELOPMENT_TEAM = YDBLTKHK3M;
				ENABLE_PREVIEWS = YES;
				GENERATE_INFOPLIST_FILE = YES;
				INFOPLIST_FILE = GutCheck/Info.plist;
				INFOPLIST_KEY_CFBundleDisplayName = GutCheck;
				INFOPLIST_KEY_LSApplicationCategoryType = "public.app-category.healthcare-fitness";
				INFOPLIST_KEY_UIApplicationSceneManifest_Generation = YES;
				INFOPLIST_KEY_UIApplicationSupportsIndirectInputEvents = YES;
				INFOPLIST_KEY_UILaunchScreen_Generation = YES;
				INFOPLIST_KEY_UISupportedInterfaceOrientations = UIInterfaceOrientationPortrait;
				INFOPLIST_KEY_UISupportedInterfaceOrientations_iPad = "UIInterfaceOrientationLandscapeLeft UIInterfaceOrientationLandscapeRight UIInterfaceOrientationPortrait UIInterfaceOrientationPortraitUpsideDown";
				LD_RUNPATH_SEARCH_PATHS = (
					"$(inherited)",
					"@executable_path/Frameworks",
				);
				MARKETING_VERSION = 1.0;
				PRODUCT_BUNDLE_IDENTIFIER = com.MarkConley.GutCheck;
				PRODUCT_NAME = "$(TARGET_NAME)";
				SWIFT_EMIT_LOC_STRINGS = YES;
				SWIFT_VERSION = 5.0;
				TARGETED_DEVICE_FAMILY = 1;
			};
			name = Release;
		};
		6DEADC122E1F312500CAF395 /* Debug */ = {
			isa = XCBuildConfiguration;
			buildSettings = {
				BUNDLE_LOADER = "$(TEST_HOST)";
				CODE_SIGN_STYLE = Automatic;
				CURRENT_PROJECT_VERSION = 1;
				DEVELOPMENT_TEAM = YDBLTKHK3M;
				GENERATE_INFOPLIST_FILE = YES;
				IPHONEOS_DEPLOYMENT_TARGET = 18.5;
				MARKETING_VERSION = 1.0;
				PRODUCT_BUNDLE_IDENTIFIER = com.MarkConley.GutCheckTests;
				PRODUCT_NAME = "$(TARGET_NAME)";
				SWIFT_EMIT_LOC_STRINGS = NO;
				SWIFT_VERSION = 5.0;
				TARGETED_DEVICE_FAMILY = "1,2";
				TEST_HOST = "$(BUILT_PRODUCTS_DIR)/GutCheck.app/$(BUNDLE_EXECUTABLE_FOLDER_PATH)/GutCheck";
			};
			name = Debug;
		};
		6DEADC132E1F312500CAF395 /* Release */ = {
			isa = XCBuildConfiguration;
			buildSettings = {
				BUNDLE_LOADER = "$(TEST_HOST)";
				CODE_SIGN_STYLE = Automatic;
				CURRENT_PROJECT_VERSION = 1;
				DEVELOPMENT_TEAM = YDBLTKHK3M;
				GENERATE_INFOPLIST_FILE = YES;
				IPHONEOS_DEPLOYMENT_TARGET = 18.5;
				MARKETING_VERSION = 1.0;
				PRODUCT_BUNDLE_IDENTIFIER = com.MarkConley.GutCheckTests;
				PRODUCT_NAME = "$(TARGET_NAME)";
				SWIFT_EMIT_LOC_STRINGS = NO;
				SWIFT_VERSION = 5.0;
				TARGETED_DEVICE_FAMILY = "1,2";
				TEST_HOST = "$(BUILT_PRODUCTS_DIR)/GutCheck.app/$(BUNDLE_EXECUTABLE_FOLDER_PATH)/GutCheck";
			};
			name = Release;
		};
		6DEADC152E1F312500CAF395 /* Debug */ = {
			isa = XCBuildConfiguration;
			buildSettings = {
				CODE_SIGN_STYLE = Automatic;
				CURRENT_PROJECT_VERSION = 1;
				DEVELOPMENT_TEAM = YDBLTKHK3M;
				GENERATE_INFOPLIST_FILE = YES;
				MARKETING_VERSION = 1.0;
				PRODUCT_BUNDLE_IDENTIFIER = com.MarkConley.GutCheckUITests;
				PRODUCT_NAME = "$(TARGET_NAME)";
				SWIFT_EMIT_LOC_STRINGS = NO;
				SWIFT_VERSION = 5.0;
				TARGETED_DEVICE_FAMILY = "1,2";
				TEST_TARGET_NAME = GutCheck;
			};
			name = Debug;
		};
		6DEADC162E1F312500CAF395 /* Release */ = {
			isa = XCBuildConfiguration;
			buildSettings = {
				CODE_SIGN_STYLE = Automatic;
				CURRENT_PROJECT_VERSION = 1;
				DEVELOPMENT_TEAM = YDBLTKHK3M;
				GENERATE_INFOPLIST_FILE = YES;
				MARKETING_VERSION = 1.0;
				PRODUCT_BUNDLE_IDENTIFIER = com.MarkConley.GutCheckUITests;
				PRODUCT_NAME = "$(TARGET_NAME)";
				SWIFT_EMIT_LOC_STRINGS = NO;
				SWIFT_VERSION = 5.0;
				TARGETED_DEVICE_FAMILY = "1,2";
				TEST_TARGET_NAME = GutCheck;
			};
			name = Release;
		};
/* End XCBuildConfiguration section */

/* Begin XCConfigurationList section */
		6DEADBE82E1F312300CAF395 /* Build configuration list for PBXProject "GutCheck" */ = {
			isa = XCConfigurationList;
			buildConfigurations = (
				6DEADC0C2E1F312500CAF395 /* Debug */,
				6DEADC0D2E1F312500CAF395 /* Release */,
			);
			defaultConfigurationIsVisible = 0;
			defaultConfigurationName = Release;
		};
		6DEADC0E2E1F312500CAF395 /* Build configuration list for PBXNativeTarget "GutCheck" */ = {
			isa = XCConfigurationList;
			buildConfigurations = (
				6DEADC0F2E1F312500CAF395 /* Debug */,
				6DEADC102E1F312500CAF395 /* Release */,
			);
			defaultConfigurationIsVisible = 0;
			defaultConfigurationName = Release;
		};
		6DEADC112E1F312500CAF395 /* Build configuration list for PBXNativeTarget "GutCheckTests" */ = {
			isa = XCConfigurationList;
			buildConfigurations = (
				6DEADC122E1F312500CAF395 /* Debug */,
				6DEADC132E1F312500CAF395 /* Release */,
			);
			defaultConfigurationIsVisible = 0;
			defaultConfigurationName = Release;
		};
		6DEADC142E1F312500CAF395 /* Build configuration list for PBXNativeTarget "GutCheckUITests" */ = {
			isa = XCConfigurationList;
			buildConfigurations = (
				6DEADC152E1F312500CAF395 /* Debug */,
				6DEADC162E1F312500CAF395 /* Release */,
			);
			defaultConfigurationIsVisible = 0;
			defaultConfigurationName = Release;
		};
/* End XCConfigurationList section */

/* Begin XCRemoteSwiftPackageReference section */
		6DEADC272E1F365E00CAF395 /* XCRemoteSwiftPackageReference "firebase-ios-sdk" */ = {
			isa = XCRemoteSwiftPackageReference;
			repositoryURL = "https://github.com/firebase/firebase-ios-sdk";
			requirement = {
				kind = upToNextMajorVersion;
				minimumVersion = 11.15.0;
			};
		};
/* End XCRemoteSwiftPackageReference section */

/* Begin XCSwiftPackageProductDependency section */
		6DEADC282E1F365E00CAF395 /* FirebaseAnalytics */ = {
			isa = XCSwiftPackageProductDependency;
			package = 6DEADC272E1F365E00CAF395 /* XCRemoteSwiftPackageReference "firebase-ios-sdk" */;
			productName = FirebaseAnalytics;
		};
		6DEADC2A2E1F365E00CAF395 /* FirebaseAuth */ = {
			isa = XCSwiftPackageProductDependency;
			package = 6DEADC272E1F365E00CAF395 /* XCRemoteSwiftPackageReference "firebase-ios-sdk" */;
			productName = FirebaseAuth;
		};
		6DEADC2C2E1F365E00CAF395 /* FirebaseFirestore */ = {
			isa = XCSwiftPackageProductDependency;
			package = 6DEADC272E1F365E00CAF395 /* XCRemoteSwiftPackageReference "firebase-ios-sdk" */;
			productName = FirebaseFirestore;
		};
		6DEADC2E2E1F365E00CAF395 /* FirebaseStorage */ = {
			isa = XCSwiftPackageProductDependency;
			package = 6DEADC272E1F365E00CAF395 /* XCRemoteSwiftPackageReference "firebase-ios-sdk" */;
			productName = FirebaseStorage;
		};
/* End XCSwiftPackageProductDependency section */
	};
	rootObject = 6DEADBE52E1F312300CAF395 /* Project object */;
}
